{
  "name": "association-manager",
  "version": "0.0.1",
  "lockfileVersion": 1,
  "requires": true,
  "dependencies": {
    "@react-native-community/masked-view": {
      "version": "0.1.10",
      "resolved": "https://registry.npmjs.org/@react-native-community/masked-view/-/masked-view-0.1.10.tgz",
      "integrity": "sha512-rk4sWFsmtOw8oyx8SD3KSvawwaK7gRBSEIy2TAwURyGt+3TizssXP1r8nx3zY+R7v2vYYHXZ+k2/GULAT/bcaQ=="
    }
  }
}
